
Microsoft Visual Studio Solution File, Format Version 12.00
# Visual Studio Version 17
VisualStudioVersion = 17.2.32630.192
MinimumVisualStudioVersion = 10.0.40219.1
Project("{9A19103F-16F7-4668-BE54-9A1E7A4F7556}") = "FirstHomeWork", "FirstHomeWork\FirstHomeWork.csproj", "{D805C077-5DC3-4DDC-9763-C25143465688}"
EndProject
Project("{9A19103F-16F7-4668-BE54-9A1E7A4F7556}") = "SecondHomeWork", "SecondHomeWork\SecondHomeWork.csproj", "{B0EBDED3-E1F3-48F4-BD0F-BC179F6864AF}"
EndProject
Project("{9A19103F-16F7-4668-BE54-9A1E7A4F7556}") = "Homework3", "Homework3\Homework3.csproj", "{937EAE26-51A0-489B-8EF7-C0D991DA4B81}"
EndProject
Project("{9A19103F-16F7-4668-BE54-9A1E7A4F7556}") = "Homework4", "Homework4\Homework4.csproj", "{87EB8D15-148D-4F84-8852-3A899A2A0285}"
EndProject
Project("{9A19103F-16F7-4668-BE54-9A1E7A4F7556}") = "Homework4Library", "Homework4Library\Homework4Library.csproj", "{733FEBED-3E1A-4313-9D01-640C973AFAB2}"
EndProject
Project("{9A19103F-16F7-4668-BE54-9A1E7A4F7556}") = "Homework6", "Homework6\Homework6.csproj", "{E330780F-8C67-4155-97F3-856236DED095}"
EndProject
Project("{FAE04EC0-301F-11D3-BF4B-00C04F79EFBC}") = "Homework9", "Homework9\Homework9.csproj", "{0775A32E-6890-47B7-8872-1A3987BC7378}"
EndProject
Global
	GlobalSection(SolutionConfigurationPlatforms) = preSolution
		Debug|Any CPU = Debug|Any CPU
		Release|Any CPU = Release|Any CPU
	EndGlobalSection
	GlobalSection(ProjectConfigurationPlatforms) = postSolution
		{D805C077-5DC3-4DDC-9763-C25143465688}.Debug|Any CPU.ActiveCfg = Debug|Any CPU
		{D805C077-5DC3-4DDC-9763-C25143465688}.Debug|Any CPU.Build.0 = Debug|Any CPU
		{D805C077-5DC3-4DDC-9763-C25143465688}.Release|Any CPU.ActiveCfg = Release|Any CPU
		{D805C077-5DC3-4DDC-9763-C25143465688}.Release|Any CPU.Build.0 = Release|Any CPU
		{B0EBDED3-E1F3-48F4-BD0F-BC179F6864AF}.Debug|Any CPU.ActiveCfg = Debug|Any CPU
		{B0EBDED3-E1F3-48F4-BD0F-BC179F6864AF}.Debug|Any CPU.Build.0 = Debug|Any CPU
		{B0EBDED3-E1F3-48F4-BD0F-BC179F6864AF}.Release|Any CPU.ActiveCfg = Release|Any CPU
		{B0EBDED3-E1F3-48F4-BD0F-BC179F6864AF}.Release|Any CPU.Build.0 = Release|Any CPU
		{937EAE26-51A0-489B-8EF7-C0D991DA4B81}.Debug|Any CPU.ActiveCfg = Debug|Any CPU
		{937EAE26-51A0-489B-8EF7-C0D991DA4B81}.Debug|Any CPU.Build.0 = Debug|Any CPU
		{937EAE26-51A0-489B-8EF7-C0D991DA4B81}.Release|Any CPU.ActiveCfg = Release|Any CPU
		{937EAE26-51A0-489B-8EF7-C0D991DA4B81}.Release|Any CPU.Build.0 = Release|Any CPU
		{87EB8D15-148D-4F84-8852-3A899A2A0285}.Debug|Any CPU.ActiveCfg = Debug|Any CPU
		{87EB8D15-148D-4F84-8852-3A899A2A0285}.Debug|Any CPU.Build.0 = Debug|Any CPU
		{87EB8D15-148D-4F84-8852-3A899A2A0285}.Release|Any CPU.ActiveCfg = Release|Any CPU
		{87EB8D15-148D-4F84-8852-3A899A2A0285}.Release|Any CPU.Build.0 = Release|Any CPU
		{733FEBED-3E1A-4313-9D01-640C973AFAB2}.Debug|Any CPU.ActiveCfg = Debug|Any CPU
		{733FEBED-3E1A-4313-9D01-640C973AFAB2}.Debug|Any CPU.Build.0 = Debug|Any CPU
		{733FEBED-3E1A-4313-9D01-640C973AFAB2}.Release|Any CPU.ActiveCfg = Release|Any CPU
		{733FEBED-3E1A-4313-9D01-640C973AFAB2}.Release|Any CPU.Build.0 = Release|Any CPU
		{E330780F-8C67-4155-97F3-856236DED095}.Debug|Any CPU.ActiveCfg = Debug|Any CPU
		{E330780F-8C67-4155-97F3-856236DED095}.Debug|Any CPU.Build.0 = Debug|Any CPU
		{E330780F-8C67-4155-97F3-856236DED095}.Release|Any CPU.ActiveCfg = Release|Any CPU
		{E330780F-8C67-4155-97F3-856236DED095}.Release|Any CPU.Build.0 = Release|Any CPU
		{0775A32E-6890-47B7-8872-1A3987BC7378}.Debug|Any CPU.ActiveCfg = Debug|Any CPU
		{0775A32E-6890-47B7-8872-1A3987BC7378}.Debug|Any CPU.Build.0 = Debug|Any CPU
		{0775A32E-6890-47B7-8872-1A3987BC7378}.Release|Any CPU.ActiveCfg = Release|Any CPU
		{0775A32E-6890-47B7-8872-1A3987BC7378}.Release|Any CPU.Build.0 = Release|Any CPU
	EndGlobalSection
	GlobalSection(SolutionProperties) = preSolution
		HideSolutionNode = FALSE
	EndGlobalSection
	GlobalSection(ExtensibilityGlobals) = postSolution
		SolutionGuid = {C4298753-0867-4100-B1D1-212E7BAA1D2E}
	EndGlobalSection
EndGlobal
