
Microsoft Visual Studio Solution File, Format Version 12.00
# Visual Studio Version 17
VisualStudioVersion = 17.2.32630.192
MinimumVisualStudioVersion = 10.0.40219.1
Project("{FAE04EC0-301F-11D3-BF4B-00C04F79EFBC}") = "DiplomaProject", "DiplomaProject\DiplomaProject.csproj", "{EA8E0E46-9C31-4A37-8A04-BA55BDBAE0AA}"
EndProject
Global
	GlobalSection(SolutionConfigurationPlatforms) = preSolution
		Debug|Any CPU = Debug|Any CPU
		Release|Any CPU = Release|Any CPU
	EndGlobalSection
	GlobalSection(ProjectConfigurationPlatforms) = postSolution
		{EA8E0E46-9C31-4A37-8A04-BA55BDBAE0AA}.Debug|Any CPU.ActiveCfg = Debug|Any CPU
		{EA8E0E46-9C31-4A37-8A04-BA55BDBAE0AA}.Debug|Any CPU.Build.0 = Debug|Any CPU
		{EA8E0E46-9C31-4A37-8A04-BA55BDBAE0AA}.Release|Any CPU.ActiveCfg = Release|Any CPU
		{EA8E0E46-9C31-4A37-8A04-BA55BDBAE0AA}.Release|Any CPU.Build.0 = Release|Any CPU
	EndGlobalSection
	GlobalSection(SolutionProperties) = preSolution
		HideSolutionNode = FALSE
	EndGlobalSection
	GlobalSection(ExtensibilityGlobals) = postSolution
		SolutionGuid = {86E3092D-4DC9-4FE3-844B-9228389ACBF8}
	EndGlobalSection
EndGlobal
